
Microsoft Visual Studio Solution File, Format Version 12.00
# Visual Studio Version 17
VisualStudioVersion = 17.7.34003.232
MinimumVisualStudioVersion = 10.0.40219.1
Project("{FAE04EC0-301F-11D3-BF4B-00C04F79EFBC}") = "LoginAndRegister", "LoginAndRegister\LoginAndRegister.csproj", "{7E69205B-E069-487C-80E9-9151B1204586}"
EndProject
Global
	GlobalSection(SolutionConfigurationPlatforms) = preSolution
		Debug|Any CPU = Debug|Any CPU
		Release|Any CPU = Release|Any CPU
	EndGlobalSection
	GlobalSection(ProjectConfigurationPlatforms) = postSolution
		{7E69205B-E069-487C-80E9-9151B1204586}.Debug|Any CPU.ActiveCfg = Debug|Any CPU
		{7E69205B-E069-487C-80E9-9151B1204586}.Debug|Any CPU.Build.0 = Debug|Any CPU
		{7E69205B-E069-487C-80E9-9151B1204586}.Release|Any CPU.ActiveCfg = Release|Any CPU
		{7E69205B-E069-487C-80E9-9151B1204586}.Release|Any CPU.Build.0 = Release|Any CPU
	EndGlobalSection
	GlobalSection(SolutionProperties) = preSolution
		HideSolutionNode = FALSE
	EndGlobalSection
	GlobalSection(ExtensibilityGlobals) = postSolution
		SolutionGuid = {0E4AC3EC-B56F-457A-8439-D71168A70CAF}
	EndGlobalSection
EndGlobal
